// !$*UTF8*$!
{
	archiveVersion = 1;
	classes = {
	};
	objectVersion = 56;
	objects = {

/* Begin PBXBuildFile section */
		4BE88A1C2906C5310081B885 /* Final_productApp.swift in Sources */ = {isa = PBXBuildFile; fileRef = 4BE88A1B2906C5310081B885 /* Final_productApp.swift */; };
		4BE88A1E2906C5310081B885 /* ContentView.swift in Sources */ = {isa = PBXBuildFile; fileRef = 4BE88A1D2906C5310081B885 /* ContentView.swift */; };
		4BE88A202906C5320081B885 /* Assets.xcassets in Resources */ = {isa = PBXBuildFile; fileRef = 4BE88A1F2906C5320081B885 /* Assets.xcassets */; };
		4BE88A232906C5320081B885 /* Preview Assets.xcassets in Resources */ = {isa = PBXBuildFile; fileRef = 4BE88A222906C5320081B885 /* Preview Assets.xcassets */; };
		4BE88A2D2906C5320081B885 /* Final_productTests.swift in Sources */ = {isa = PBXBuildFile; fileRef = 4BE88A2C2906C5320081B885 /* Final_productTests.swift */; };
		4BE88A372906C5320081B885 /* Final_productUITests.swift in Sources */ = {isa = PBXBuildFile; fileRef = 4BE88A362906C5320081B885 /* Final_productUITests.swift */; };
		4BE88A392906C5320081B885 /* Final_productUITestsLaunchTests.swift in Sources */ = {isa = PBXBuildFile; fileRef = 4BE88A382906C5320081B885 /* Final_productUITestsLaunchTests.swift */; };
		D24336682906CF6200F051AB /* SettingsView.swift in Sources */ = {isa = PBXBuildFile; fileRef = D24336672906CF6200F051AB /* SettingsView.swift */; };
		D243366A2906E0CC00F051AB /* NotificationTimerView.swift in Sources */ = {isa = PBXBuildFile; fileRef = D24336692906E0CC00F051AB /* NotificationTimerView.swift */; };
/* End PBXBuildFile section */

/* Begin PBXContainerItemProxy section */
		4BE88A292906C5320081B885 /* PBXContainerItemProxy */ = {
			isa = PBXContainerItemProxy;
			containerPortal = 4BE88A102906C5310081B885 /* Project object */;
			proxyType = 1;
			remoteGlobalIDString = 4BE88A172906C5310081B885;
			remoteInfo = Final_product;
		};
		4BE88A332906C5320081B885 /* PBXContainerItemProxy */ = {
			isa = PBXContainerItemProxy;
			containerPortal = 4BE88A102906C5310081B885 /* Project object */;
			proxyType = 1;
			remoteGlobalIDString = 4BE88A172906C5310081B885;
			remoteInfo = Final_product;
		};
/* End PBXContainerItemProxy section */

/* Begin PBXFileReference section */
		4BE88A182906C5310081B885 /* Final_product.app */ = {isa = PBXFileReference; explicitFileType = wrapper.application; includeInIndex = 0; path = Final_product.app; sourceTree = BUILT_PRODUCTS_DIR; };
		4BE88A1B2906C5310081B885 /* Final_productApp.swift */ = {isa = PBXFileReference; lastKnownFileType = sourcecode.swift; path = Final_productApp.swift; sourceTree = "<group>"; };
		4BE88A1D2906C5310081B885 /* ContentView.swift */ = {isa = PBXFileReference; lastKnownFileType = sourcecode.swift; path = ContentView.swift; sourceTree = "<group>"; };
		4BE88A1F2906C5320081B885 /* Assets.xcassets */ = {isa = PBXFileReference; lastKnownFileType = folder.assetcatalog; path = Assets.xcassets; sourceTree = "<group>"; };
		4BE88A222906C5320081B885 /* Preview Assets.xcassets */ = {isa = PBXFileReference; lastKnownFileType = folder.assetcatalog; path = "Preview Assets.xcassets"; sourceTree = "<group>"; };
		4BE88A282906C5320081B885 /* Final_productTests.xctest */ = {isa = PBXFileReference; explicitFileType = wrapper.cfbundle; includeInIndex = 0; path = Final_productTests.xctest; sourceTree = BUILT_PRODUCTS_DIR; };
		4BE88A2C2906C5320081B885 /* Final_productTests.swift */ = {isa = PBXFileReference; lastKnownFileType = sourcecode.swift; path = Final_productTests.swift; sourceTree = "<group>"; };
		4BE88A322906C5320081B885 /* Final_productUITests.xctest */ = {isa = PBXFileReference; explicitFileType = wrapper.cfbundle; includeInIndex = 0; path = Final_productUITests.xctest; sourceTree = BUILT_PRODUCTS_DIR; };
		4BE88A362906C5320081B885 /* Final_productUITests.swift */ = {isa = PBXFileReference; lastKnownFileType = sourcecode.swift; path = Final_productUITests.swift; sourceTree = "<group>"; };
		4BE88A382906C5320081B885 /* Final_productUITestsLaunchTests.swift */ = {isa = PBXFileReference; lastKnownFileType = sourcecode.swift; path = Final_productUITestsLaunchTests.swift; sourceTree = "<group>"; };
		D24336672906CF6200F051AB /* SettingsView.swift */ = {isa = PBXFileReference; lastKnownFileType = sourcecode.swift; path = SettingsView.swift; sourceTree = "<group>"; };
		D24336692906E0CC00F051AB /* NotificationTimerView.swift */ = {isa = PBXFileReference; lastKnownFileType = sourcecode.swift; path = NotificationTimerView.swift; sourceTree = "<group>"; };
/* End PBXFileReference section */

/* Begin PBXFrameworksBuildPhase section */
		4BE88A152906C5310081B885 /* Frameworks */ = {
			isa = PBXFrameworksBuildPhase;
			buildActionMask = 2147483647;
			files = (
			);
			runOnlyForDeploymentPostprocessing = 0;
		};
		4BE88A252906C5320081B885 /* Frameworks */ = {
			isa = PBXFrameworksBuildPhase;
			buildActionMask = 2147483647;
			files = (
			);
			runOnlyForDeploymentPostprocessing = 0;
		};
		4BE88A2F2906C5320081B885 /* Frameworks */ = {
			isa = PBXFrameworksBuildPhase;
			buildActionMask = 2147483647;
			files = (
			);
			runOnlyForDeploymentPostprocessing = 0;
		};
/* End PBXFrameworksBuildPhase section */

/* Begin PBXGroup section */
		4BDEDB3E2906CBA7006571D1 /* View */ = {
			isa = PBXGroup;
			children = (
				4BE88A1D2906C5310081B885 /* ContentView.swift */,
				D24336672906CF6200F051AB /* SettingsView.swift */,
				D24336692906E0CC00F051AB /* NotificationTimerView.swift */,
			);
			path = View;
			sourceTree = "<group>";
		};
		4BDEDB3F2906CBB6006571D1 /* Model */ = {
			isa = PBXGroup;
			children = (
			);
			path = Model;
			sourceTree = "<group>";
		};
		4BDEDB402906CBBD006571D1 /* ModelView */ = {
			isa = PBXGroup;
			children = (
			);
			name = ModelView;
			path = Model/ModelView;
			sourceTree = "<group>";
		};
		4BE88A0F2906C5310081B885 = {
			isa = PBXGroup;
			children = (
				4BE88A1A2906C5310081B885 /* Final_product */,
				4BE88A2B2906C5320081B885 /* Final_productTests */,
				4BE88A352906C5320081B885 /* Final_productUITests */,
				4BE88A192906C5310081B885 /* Products */,
			);
			sourceTree = "<group>";
		};
		4BE88A192906C5310081B885 /* Products */ = {
			isa = PBXGroup;
			children = (
				4BE88A182906C5310081B885 /* Final_product.app */,
				4BE88A282906C5320081B885 /* Final_productTests.xctest */,
				4BE88A322906C5320081B885 /* Final_productUITests.xctest */,
			);
			name = Products;
			sourceTree = "<group>";
		};
		4BE88A1A2906C5310081B885 /* Final_product */ = {
			isa = PBXGroup;
			children = (
				4BE88A1B2906C5310081B885 /* Final_productApp.swift */,
				4BDEDB3E2906CBA7006571D1 /* View */,
				4BE88A1F2906C5320081B885 /* Assets.xcassets */,
				4BDEDB402906CBBD006571D1 /* ModelView */,
				4BDEDB3F2906CBB6006571D1 /* Model */,
				4BE88A212906C5320081B885 /* Preview Content */,
			);
			path = Final_product;
			sourceTree = "<group>";
		};
		4BE88A212906C5320081B885 /* Preview Content */ = {
			isa = PBXGroup;
			children = (
				4BE88A222906C5320081B885 /* Preview Assets.xcassets */,
			);
			path = "Preview Content";
			sourceTree = "<group>";
		};
		4BE88A2B2906C5320081B885 /* Final_productTests */ = {
			isa = PBXGroup;
			children = (
				4BE88A2C2906C5320081B885 /* Final_productTests.swift */,
			);
			path = Final_productTests;
			sourceTree = "<group>";
		};
		4BE88A352906C5320081B885 /* Final_productUITests */ = {
			isa = PBXGroup;
			children = (
				4BE88A362906C5320081B885 /* Final_productUITests.swift */,
				4BE88A382906C5320081B885 /* Final_productUITestsLaunchTests.swift */,
			);
			path = Final_productUITests;
			sourceTree = "<group>";
		};
/* End PBXGroup section */

/* Begin PBXNativeTarget section */
		4BE88A172906C5310081B885 /* Final_product */ = {
			isa = PBXNativeTarget;
			buildConfigurationList = 4BE88A3C2906C5320081B885 /* Build configuration list for PBXNativeTarget "Final_product" */;
			buildPhases = (
				4BE88A142906C5310081B885 /* Sources */,
				4BE88A152906C5310081B885 /* Frameworks */,
				4BE88A162906C5310081B885 /* Resources */,
			);
			buildRules = (
			);
			dependencies = (
			);
			name = Final_product;
			productName = Final_product;
			productReference = 4BE88A182906C5310081B885 /* Final_product.app */;
			productType = "com.apple.product-type.application";
		};
		4BE88A272906C5320081B885 /* Final_productTests */ = {
			isa = PBXNativeTarget;
			buildConfigurationList = 4BE88A3F2906C5320081B885 /* Build configuration list for PBXNativeTarget "Final_productTests" */;
			buildPhases = (
				4BE88A242906C5320081B885 /* Sources */,
				4BE88A252906C5320081B885 /* Frameworks */,
				4BE88A262906C5320081B885 /* Resources */,
			);
			buildRules = (
			);
			dependencies = (
				4BE88A2A2906C5320081B885 /* PBXTargetDependency */,
			);
			name = Final_productTests;
			productName = Final_productTests;
			productReference = 4BE88A282906C5320081B885 /* Final_productTests.xctest */;
			productType = "com.apple.product-type.bundle.unit-test";
		};
		4BE88A312906C5320081B885 /* Final_productUITests */ = {
			isa = PBXNativeTarget;
			buildConfigurationList = 4BE88A422906C5320081B885 /* Build configuration list for PBXNativeTarget "Final_productUITests" */;
			buildPhases = (
				4BE88A2E2906C5320081B885 /* Sources */,
				4BE88A2F2906C5320081B885 /* Frameworks */,
				4BE88A302906C5320081B885 /* Resources */,
			);
			buildRules = (
			);
			dependencies = (
				4BE88A342906C5320081B885 /* PBXTargetDependency */,
			);
			name = Final_productUITests;
			productName = Final_productUITests;
			productReference = 4BE88A322906C5320081B885 /* Final_productUITests.xctest */;
			productType = "com.apple.product-type.bundle.ui-testing";
		};
/* End PBXNativeTarget section */

/* Begin PBXProject section */
		4BE88A102906C5310081B885 /* Project object */ = {
			isa = PBXProject;
			attributes = {
				BuildIndependentTargetsInParallel = 1;
				LastSwiftUpdateCheck = 1400;
				LastUpgradeCheck = 1400;
				TargetAttributes = {
					4BE88A172906C5310081B885 = {
						CreatedOnToolsVersion = 14.0.1;
					};
					4BE88A272906C5320081B885 = {
						CreatedOnToolsVersion = 14.0.1;
						TestTargetID = 4BE88A172906C5310081B885;
					};
					4BE88A312906C5320081B885 = {
						CreatedOnToolsVersion = 14.0.1;
						TestTargetID = 4BE88A172906C5310081B885;
					};
				};
			};
			buildConfigurationList = 4BE88A132906C5310081B885 /* Build configuration list for PBXProject "Final_product" */;
			compatibilityVersion = "Xcode 14.0";
			developmentRegion = en;
			hasScannedForEncodings = 0;
			knownRegions = (
				en,
				Base,
			);
			mainGroup = 4BE88A0F2906C5310081B885;
			productRefGroup = 4BE88A192906C5310081B885 /* Products */;
			projectDirPath = "";
			projectRoot = "";
			targets = (
				4BE88A172906C5310081B885 /* Final_product */,
				4BE88A272906C5320081B885 /* Final_productTests */,
				4BE88A312906C5320081B885 /* Final_productUITests */,
			);
		};
/* End PBXProject section */

/* Begin PBXResourcesBuildPhase section */
		4BE88A162906C5310081B885 /* Resources */ = {
			isa = PBXResourcesBuildPhase;
			buildActionMask = 2147483647;
			files = (
				4BE88A232906C5320081B885 /* Preview Assets.xcassets in Resources */,
				4BE88A202906C5320081B885 /* Assets.xcassets in Resources */,
			);
			runOnlyForDeploymentPostprocessing = 0;
		};
		4BE88A262906C5320081B885 /* Resources */ = {
			isa = PBXResourcesBuildPhase;
			buildActionMask = 2147483647;
			files = (
			);
			runOnlyForDeploymentPostprocessing = 0;
		};
		4BE88A302906C5320081B885 /* Resources */ = {
			isa = PBXResourcesBuildPhase;
			buildActionMask = 2147483647;
			files = (
			);
			runOnlyForDeploymentPostprocessing = 0;
		};
/* End PBXResourcesBuildPhase section */

/* Begin PBXSourcesBuildPhase section */
		4BE88A142906C5310081B885 /* Sources */ = {
			isa = PBXSourcesBuildPhase;
			buildActionMask = 2147483647;
			files = (
				D24336682906CF6200F051AB /* SettingsView.swift in Sources */,
				D243366A2906E0CC00F051AB /* NotificationTimerView.swift in Sources */,
				4BE88A1E2906C5310081B885 /* ContentView.swift in Sources */,
				4BE88A1C2906C5310081B885 /* Final_productApp.swift in Sources */,
			);
			runOnlyForDeploymentPostprocessing = 0;
		};
		4BE88A242906C5320081B885 /* Sources */ = {
			isa = PBXSourcesBuildPhase;
			buildActionMask = 2147483647;
			files = (
				4BE88A2D2906C5320081B885 /* Final_productTests.swift in Sources */,
			);
			runOnlyForDeploymentPostprocessing = 0;
		};
		4BE88A2E2906C5320081B885 /* Sources */ = {
			isa = PBXSourcesBuildPhase;
			buildActionMask = 2147483647;
			files = (
				4BE88A372906C5320081B885 /* Final_productUITests.swift in Sources */,
				4BE88A392906C5320081B885 /* Final_productUITestsLaunchTests.swift in Sources */,
			);
			runOnlyForDeploymentPostprocessing = 0;
		};
/* End PBXSourcesBuildPhase section */

/* Begin PBXTargetDependency section */
		4BE88A2A2906C5320081B885 /* PBXTargetDependency */ = {
			isa = PBXTargetDependency;
			target = 4BE88A172906C5310081B885 /* Final_product */;
			targetProxy = 4BE88A292906C5320081B885 /* PBXContainerItemProxy */;
		};
		4BE88A342906C5320081B885 /* PBXTargetDependency */ = {
			isa = PBXTargetDependency;
			target = 4BE88A172906C5310081B885 /* Final_product */;
			targetProxy = 4BE88A332906C5320081B885 /* PBXContainerItemProxy */;
		};
/* End PBXTargetDependency section */

/* Begin XCBuildConfiguration section */
		4BE88A3A2906C5320081B885 /* Debug */ = {
			isa = XCBuildConfiguration;
			buildSettings = {
				ALWAYS_SEARCH_USER_PATHS = NO;
				CLANG_ANALYZER_NONNULL = YES;
				CLANG_ANALYZER_NUMBER_OBJECT_CONVERSION = YES_AGGRESSIVE;
				CLANG_CXX_LANGUAGE_STANDARD = "gnu++20";
				CLANG_ENABLE_MODULES = YES;
				CLANG_ENABLE_OBJC_ARC = YES;
				CLANG_ENABLE_OBJC_WEAK = YES;
				CLANG_WARN_BLOCK_CAPTURE_AUTORELEASING = YES;
				CLANG_WARN_BOOL_CONVERSION = YES;
				CLANG_WARN_COMMA = YES;
				CLANG_WARN_CONSTANT_CONVERSION = YES;
				CLANG_WARN_DEPRECATED_OBJC_IMPLEMENTATIONS = YES;
				CLANG_WARN_DIRECT_OBJC_ISA_USAGE = YES_ERROR;
				CLANG_WARN_DOCUMENTATION_COMMENTS = YES;
				CLANG_WARN_EMPTY_BODY = YES;
				CLANG_WARN_ENUM_CONVERSION = YES;
				CLANG_WARN_INFINITE_RECURSION = YES;
				CLANG_WARN_INT_CONVERSION = YES;
				CLANG_WARN_NON_LITERAL_NULL_CONVERSION = YES;
				CLANG_WARN_OBJC_IMPLICIT_RETAIN_SELF = YES;
				CLANG_WARN_OBJC_LITERAL_CONVERSION = YES;
				CLANG_WARN_OBJC_ROOT_CLASS = YES_ERROR;
				CLANG_WARN_QUOTED_INCLUDE_IN_FRAMEWORK_HEADER = YES;
				CLANG_WARN_RANGE_LOOP_ANALYSIS = YES;
				CLANG_WARN_STRICT_PROTOTYPES = YES;
				CLANG_WARN_SUSPICIOUS_MOVE = YES;
				CLANG_WARN_UNGUARDED_AVAILABILITY = YES_AGGRESSIVE;
				CLANG_WARN_UNREACHABLE_CODE = YES;
				CLANG_WARN__DUPLICATE_METHOD_MATCH = YES;
				COPY_PHASE_STRIP = NO;
				DEBUG_INFORMATION_FORMAT = dwarf;
				ENABLE_STRICT_OBJC_MSGSEND = YES;
				ENABLE_TESTABILITY = YES;
				GCC_C_LANGUAGE_STANDARD = gnu11;
				GCC_DYNAMIC_NO_PIC = NO;
				GCC_NO_COMMON_BLOCKS = YES;
				GCC_OPTIMIZATION_LEVEL = 0;
				GCC_PREPROCESSOR_DEFINITIONS = (
					"DEBUG=1",
					"$(inherited)",
				);
				GCC_WARN_64_TO_32_BIT_CONVERSION = YES;
				GCC_WARN_ABOUT_RETURN_TYPE = YES_ERROR;
				GCC_WARN_UNDECLARED_SELECTOR = YES;
				GCC_WARN_UNINITIALIZED_AUTOS = YES_AGGRESSIVE;
				GCC_WARN_UNUSED_FUNCTION = YES;
				GCC_WARN_UNUSED_VARIABLE = YES;
				IPHONEOS_DEPLOYMENT_TARGET = 16.0;
				MTL_ENABLE_DEBUG_INFO = INCLUDE_SOURCE;
				MTL_FAST_MATH = YES;
				ONLY_ACTIVE_ARCH = YES;
				SDKROOT = iphoneos;
				SWIFT_ACTIVE_COMPILATION_CONDITIONS = DEBUG;
				SWIFT_OPTIMIZATION_LEVEL = "-Onone";
			};
			name = Debug;
		};
		4BE88A3B2906C5320081B885 /* Release */ = {
			isa = XCBuildConfiguration;
			buildSettings = {
				ALWAYS_SEARCH_USER_PATHS = NO;
				CLANG_ANALYZER_NONNULL = YES;
				CLANG_ANALYZER_NUMBER_OBJECT_CONVERSION = YES_AGGRESSIVE;
				CLANG_CXX_LANGUAGE_STANDARD = "gnu++20";
				CLANG_ENABLE_MODULES = YES;
				CLANG_ENABLE_OBJC_ARC = YES;
				CLANG_ENABLE_OBJC_WEAK = YES;
				CLANG_WARN_BLOCK_CAPTURE_AUTORELEASING = YES;
				CLANG_WARN_BOOL_CONVERSION = YES;
				CLANG_WARN_COMMA = YES;
				CLANG_WARN_CONSTANT_CONVERSION = YES;
				CLANG_WARN_DEPRECATED_OBJC_IMPLEMENTATIONS = YES;
				CLANG_WARN_DIRECT_OBJC_ISA_USAGE = YES_ERROR;
				CLANG_WARN_DOCUMENTATION_COMMENTS = YES;
				CLANG_WARN_EMPTY_BODY = YES;
				CLANG_WARN_ENUM_CONVERSION = YES;
				CLANG_WARN_INFINITE_RECURSION = YES;
				CLANG_WARN_INT_CONVERSION = YES;
				CLANG_WARN_NON_LITERAL_NULL_CONVERSION = YES;
				CLANG_WARN_OBJC_IMPLICIT_RETAIN_SELF = YES;
				CLANG_WARN_OBJC_LITERAL_CONVERSION = YES;
				CLANG_WARN_OBJC_ROOT_CLASS = YES_ERROR;
				CLANG_WARN_QUOTED_INCLUDE_IN_FRAMEWORK_HEADER = YES;
				CLANG_WARN_RANGE_LOOP_ANALYSIS = YES;
				CLANG_WARN_STRICT_PROTOTYPES = YES;
				CLANG_WARN_SUSPICIOUS_MOVE = YES;
				CLANG_WARN_UNGUARDED_AVAILABILITY = YES_AGGRESSIVE;
				CLANG_WARN_UNREACHABLE_CODE = YES;
				CLANG_WARN__DUPLICATE_METHOD_MATCH = YES;
				COPY_PHASE_STRIP = NO;
				DEBUG_INFORMATION_FORMAT = "dwarf-with-dsym";
				ENABLE_NS_ASSERTIONS = NO;
				ENABLE_STRICT_OBJC_MSGSEND = YES;
				GCC_C_LANGUAGE_STANDARD = gnu11;
				GCC_NO_COMMON_BLOCKS = YES;
				GCC_WARN_64_TO_32_BIT_CONVERSION = YES;
				GCC_WARN_ABOUT_RETURN_TYPE = YES_ERROR;
				GCC_WARN_UNDECLARED_SELECTOR = YES;
				GCC_WARN_UNINITIALIZED_AUTOS = YES_AGGRESSIVE;
				GCC_WARN_UNUSED_FUNCTION = YES;
				GCC_WARN_UNUSED_VARIABLE = YES;
				IPHONEOS_DEPLOYMENT_TARGET = 16.0;
				MTL_ENABLE_DEBUG_INFO = NO;
				MTL_FAST_MATH = YES;
				SDKROOT = iphoneos;
				SWIFT_COMPILATION_MODE = wholemodule;
				SWIFT_OPTIMIZATION_LEVEL = "-O";
				VALIDATE_PRODUCT = YES;
			};
			name = Release;
		};
		4BE88A3D2906C5320081B885 /* Debug */ = {
			isa = XCBuildConfiguration;
			buildSettings = {
				ASSETCATALOG_COMPILER_APPICON_NAME = AppIcon;
				ASSETCATALOG_COMPILER_GLOBAL_ACCENT_COLOR_NAME = AccentColor;
				CODE_SIGN_STYLE = Automatic;
				CURRENT_PROJECT_VERSION = 1;
				DEVELOPMENT_ASSET_PATHS = "\"Final_product/Preview Content\"";
				ENABLE_PREVIEWS = YES;
				GENERATE_INFOPLIST_FILE = YES;
				INFOPLIST_KEY_UIApplicationSceneManifest_Generation = YES;
				INFOPLIST_KEY_UIApplicationSupportsIndirectInputEvents = YES;
				INFOPLIST_KEY_UILaunchScreen_Generation = YES;
				INFOPLIST_KEY_UISupportedInterfaceOrientations_iPad = "UIInterfaceOrientationPortrait UIInterfaceOrientationPortraitUpsideDown UIInterfaceOrientationLandscapeLeft UIInterfaceOrientationLandscapeRight";
				INFOPLIST_KEY_UISupportedInterfaceOrientations_iPhone = "UIInterfaceOrientationPortrait UIInterfaceOrientationLandscapeLeft UIInterfaceOrientationLandscapeRight";
				LD_RUNPATH_SEARCH_PATHS = (
					"$(inherited)",
					"@executable_path/Frameworks",
				);
				MARKETING_VERSION = 1.0;
				PRODUCT_BUNDLE_IDENTIFIER = "Maltob.Final-product";
				PRODUCT_NAME = "$(TARGET_NAME)";
				SWIFT_EMIT_LOC_STRINGS = YES;
				SWIFT_VERSION = 5.0;
				TARGETED_DEVICE_FAMILY = "1,2";
			};
			name = Debug;
		};
		4BE88A3E2906C5320081B885 /* Release */ = {
			isa = XCBuildConfiguration;
			buildSettings = {
				ASSETCATALOG_COMPILER_APPICON_NAME = AppIcon;
				ASSETCATALOG_COMPILER_GLOBAL_ACCENT_COLOR_NAME = AccentColor;
				CODE_SIGN_STYLE = Automatic;
				CURRENT_PROJECT_VERSION = 1;
				DEVELOPMENT_ASSET_PATHS = "\"Final_product/Preview Content\"";
				ENABLE_PREVIEWS = YES;
				GENERATE_INFOPLIST_FILE = YES;
				INFOPLIST_KEY_UIApplicationSceneManifest_Generation = YES;
				INFOPLIST_KEY_UIApplicationSupportsIndirectInputEvents = YES;
				INFOPLIST_KEY_UILaunchScreen_Generation = YES;
				INFOPLIST_KEY_UISupportedInterfaceOrientations_iPad = "UIInterfaceOrientationPortrait UIInterfaceOrientationPortraitUpsideDown UIInterfaceOrientationLandscapeLeft UIInterfaceOrientationLandscapeRight";
				INFOPLIST_KEY_UISupportedInterfaceOrientations_iPhone = "UIInterfaceOrientationPortrait UIInterfaceOrientationLandscapeLeft UIInterfaceOrientationLandscapeRight";
				LD_RUNPATH_SEARCH_PATHS = (
					"$(inherited)",
					"@executable_path/Frameworks",
				);
				MARKETING_VERSION = 1.0;
				PRODUCT_BUNDLE_IDENTIFIER = "Maltob.Final-product";
				PRODUCT_NAME = "$(TARGET_NAME)";
				SWIFT_EMIT_LOC_STRINGS = YES;
				SWIFT_VERSION = 5.0;
				TARGETED_DEVICE_FAMILY = "1,2";
			};
			name = Release;
		};
		4BE88A402906C5320081B885 /* Debug */ = {
			isa = XCBuildConfiguration;
			buildSettings = {
				ALWAYS_EMBED_SWIFT_STANDARD_LIBRARIES = YES;
				BUNDLE_LOADER = "$(TEST_HOST)";
				CODE_SIGN_STYLE = Automatic;
				CURRENT_PROJECT_VERSION = 1;
				GENERATE_INFOPLIST_FILE = YES;
				IPHONEOS_DEPLOYMENT_TARGET = 16.0;
				MARKETING_VERSION = 1.0;
				PRODUCT_BUNDLE_IDENTIFIER = "Maltob.Final-productTests";
				PRODUCT_NAME = "$(TARGET_NAME)";
				SWIFT_EMIT_LOC_STRINGS = NO;
				SWIFT_VERSION = 5.0;
				TARGETED_DEVICE_FAMILY = "1,2";
				TEST_HOST = "$(BUILT_PRODUCTS_DIR)/Final_product.app/$(BUNDLE_EXECUTABLE_FOLDER_PATH)/Final_product";
			};
			name = Debug;
		};
		4BE88A412906C5320081B885 /* Release */ = {
			isa = XCBuildConfiguration;
			buildSettings = {
				ALWAYS_EMBED_SWIFT_STANDARD_LIBRARIES = YES;
				BUNDLE_LOADER = "$(TEST_HOST)";
				CODE_SIGN_STYLE = Automatic;
				CURRENT_PROJECT_VERSION = 1;
				GENERATE_INFOPLIST_FILE = YES;
				IPHONEOS_DEPLOYMENT_TARGET = 16.0;
				MARKETING_VERSION = 1.0;
				PRODUCT_BUNDLE_IDENTIFIER = "Maltob.Final-productTests";
				PRODUCT_NAME = "$(TARGET_NAME)";
				SWIFT_EMIT_LOC_STRINGS = NO;
				SWIFT_VERSION = 5.0;
				TARGETED_DEVICE_FAMILY = "1,2";
				TEST_HOST = "$(BUILT_PRODUCTS_DIR)/Final_product.app/$(BUNDLE_EXECUTABLE_FOLDER_PATH)/Final_product";
			};
			name = Release;
		};
		4BE88A432906C5320081B885 /* Debug */ = {
			isa = XCBuildConfiguration;
			buildSettings = {
				ALWAYS_EMBED_SWIFT_STANDARD_LIBRARIES = YES;
				CODE_SIGN_STYLE = Automatic;
				CURRENT_PROJECT_VERSION = 1;
				GENERATE_INFOPLIST_FILE = YES;
				MARKETING_VERSION = 1.0;
				PRODUCT_BUNDLE_IDENTIFIER = "Maltob.Final-productUITests";
				PRODUCT_NAME = "$(TARGET_NAME)";
				SWIFT_EMIT_LOC_STRINGS = NO;
				SWIFT_VERSION = 5.0;
				TARGETED_DEVICE_FAMILY = "1,2";
				TEST_TARGET_NAME = Final_product;
			};
			name = Debug;
		};
		4BE88A442906C5320081B885 /* Release */ = {
			isa = XCBuildConfiguration;
			buildSettings = {
				ALWAYS_EMBED_SWIFT_STANDARD_LIBRARIES = YES;
				CODE_SIGN_STYLE = Automatic;
				CURRENT_PROJECT_VERSION = 1;
				GENERATE_INFOPLIST_FILE = YES;
				MARKETING_VERSION = 1.0;
				PRODUCT_BUNDLE_IDENTIFIER = "Maltob.Final-productUITests";
				PRODUCT_NAME = "$(TARGET_NAME)";
				SWIFT_EMIT_LOC_STRINGS = NO;
				SWIFT_VERSION = 5.0;
				TARGETED_DEVICE_FAMILY = "1,2";
				TEST_TARGET_NAME = Final_product;
			};
			name = Release;
		};
/* End XCBuildConfiguration section */

/* Begin XCConfigurationList section */
		4BE88A132906C5310081B885 /* Build configuration list for PBXProject "Final_product" */ = {
			isa = XCConfigurationList;
			buildConfigurations = (
				4BE88A3A2906C5320081B885 /* Debug */,
				4BE88A3B2906C5320081B885 /* Release */,
			);
			defaultConfigurationIsVisible = 0;
			defaultConfigurationName = Release;
		};
		4BE88A3C2906C5320081B885 /* Build configuration list for PBXNativeTarget "Final_product" */ = {
			isa = XCConfigurationList;
			buildConfigurations = (
				4BE88A3D2906C5320081B885 /* Debug */,
				4BE88A3E2906C5320081B885 /* Release */,
			);
			defaultConfigurationIsVisible = 0;
			defaultConfigurationName = Release;
		};
		4BE88A3F2906C5320081B885 /* Build configuration list for PBXNativeTarget "Final_productTests" */ = {
			isa = XCConfigurationList;
			buildConfigurations = (
				4BE88A402906C5320081B885 /* Debug */,
				4BE88A412906C5320081B885 /* Release */,
			);
			defaultConfigurationIsVisible = 0;
			defaultConfigurationName = Release;
		};
		4BE88A422906C5320081B885 /* Build configuration list for PBXNativeTarget "Final_productUITests" */ = {
			isa = XCConfigurationList;
			buildConfigurations = (
				4BE88A432906C5320081B885 /* Debug */,
				4BE88A442906C5320081B885 /* Release */,
			);
			defaultConfigurationIsVisible = 0;
			defaultConfigurationName = Release;
		};
/* End XCConfigurationList section */
	};
	rootObject = 4BE88A102906C5310081B885 /* Project object */;
}
